
Microsoft Visual Studio Solution File, Format Version 12.00
# Visual Studio Version 17
VisualStudioVersion = 17.0.32014.148
MinimumVisualStudioVersion = 10.0.40219.1
Project("{9A19103F-16F7-4668-BE54-9A1E7A4F7556}") = "Hospital", "Hospital\Hospital.csproj", "{80133132-A3A2-4132-B615-18D62667000E}"
EndProject
Project("{9A19103F-16F7-4668-BE54-9A1E7A4F7556}") = "Domain", "Domain\Domain.csproj", "{135E5DC4-6E1A-4C56-96BB-95AB82A3482F}"
EndProject
Project("{9A19103F-16F7-4668-BE54-9A1E7A4F7556}") = "UnitTests", "UnitTests\UnitTests.csproj", "{D95316F6-8F49-4375-B080-EA7D4648A9F6}"
	ProjectSection(ProjectDependencies) = postProject
		{8961A050-D400-412D-B009-E3E7EF9CEB15} = {8961A050-D400-412D-B009-E3E7EF9CEB15}
	EndProjectSection
EndProject
Project("{9A19103F-16F7-4668-BE54-9A1E7A4F7556}") = "DataBase", "DataBase\DataBase.csproj", "{8961A050-D400-412D-B009-E3E7EF9CEB15}"
EndProject
Global
	GlobalSection(SolutionConfigurationPlatforms) = preSolution
		Debug|Any CPU = Debug|Any CPU
		Release|Any CPU = Release|Any CPU
	EndGlobalSection
	GlobalSection(ProjectConfigurationPlatforms) = postSolution
		{80133132-A3A2-4132-B615-18D62667000E}.Debug|Any CPU.ActiveCfg = Debug|Any CPU
		{80133132-A3A2-4132-B615-18D62667000E}.Debug|Any CPU.Build.0 = Debug|Any CPU
		{80133132-A3A2-4132-B615-18D62667000E}.Release|Any CPU.ActiveCfg = Release|Any CPU
		{80133132-A3A2-4132-B615-18D62667000E}.Release|Any CPU.Build.0 = Release|Any CPU
		{135E5DC4-6E1A-4C56-96BB-95AB82A3482F}.Debug|Any CPU.ActiveCfg = Debug|Any CPU
		{135E5DC4-6E1A-4C56-96BB-95AB82A3482F}.Debug|Any CPU.Build.0 = Debug|Any CPU
		{135E5DC4-6E1A-4C56-96BB-95AB82A3482F}.Release|Any CPU.ActiveCfg = Release|Any CPU
		{135E5DC4-6E1A-4C56-96BB-95AB82A3482F}.Release|Any CPU.Build.0 = Release|Any CPU
		{D95316F6-8F49-4375-B080-EA7D4648A9F6}.Debug|Any CPU.ActiveCfg = Debug|Any CPU
		{D95316F6-8F49-4375-B080-EA7D4648A9F6}.Debug|Any CPU.Build.0 = Debug|Any CPU
		{D95316F6-8F49-4375-B080-EA7D4648A9F6}.Release|Any CPU.ActiveCfg = Release|Any CPU
		{D95316F6-8F49-4375-B080-EA7D4648A9F6}.Release|Any CPU.Build.0 = Release|Any CPU
		{8961A050-D400-412D-B009-E3E7EF9CEB15}.Debug|Any CPU.ActiveCfg = Debug|Any CPU
		{8961A050-D400-412D-B009-E3E7EF9CEB15}.Debug|Any CPU.Build.0 = Debug|Any CPU
		{8961A050-D400-412D-B009-E3E7EF9CEB15}.Release|Any CPU.ActiveCfg = Release|Any CPU
		{8961A050-D400-412D-B009-E3E7EF9CEB15}.Release|Any CPU.Build.0 = Release|Any CPU
	EndGlobalSection
	GlobalSection(SolutionProperties) = preSolution
		HideSolutionNode = FALSE
	EndGlobalSection
	GlobalSection(ExtensibilityGlobals) = postSolution
		SolutionGuid = {78691B4C-7E13-4A69-B8B5-C9B2AD11C434}
	EndGlobalSection
EndGlobal
